{
    "_readme": [
        "This file locks the dependencies of your project to a known state",
        "Read more about it at http://getcomposer.org/doc/01-basic-usage.md#composer-lock-the-lock-file",
        "This file is @generated automatically"
    ],
    "hash": "8e3051260c4c59e2af293e2fe8e3bf74",
    "packages": [
        {
            "name": "d11wtq/boris",
            "version": "dev-master",
            "source": {
                "type": "git",
                "url": "https://github.com/d11wtq/boris.git",
                "reference": "2a0a3d3a5f34d317577f8dcd98f5f578ad85109a"
            },
            "dist": {
                "type": "zip",
                "url": "https://api.github.com/repos/d11wtq/boris/zipball/2a0a3d3a5f34d317577f8dcd98f5f578ad85109a",
                "reference": "2a0a3d3a5f34d317577f8dcd98f5f578ad85109a",
                "shasum": ""
            },
            "require": {
                "php": ">=5.3.0"
            },
            "suggest": {
                "ext-pcntl": "Optional Process Control extension depencency",
                "ext-posix": "Optional POSIX extension",
                "ext-readline": "Optional readline extension depencency"
            },
            "bin": [
                "bin/boris"
            ],
            "type": "library",
            "autoload": {
                "psr-0": {
                    "Boris": "lib"
                }
            },
            "notification-url": "https://packagist.org/downloads/",
            "time": "2014-07-31 12:15:24"
        },
        {
            "name": "drupal/coder",
            "version": "dev-8.x-2.x",
            "source": {
                "type": "git",
                "url": "http://git.drupal.org/project/coder.git",
                "reference": "c2fdaad47ee194efe0aaa7e591d691da194c1a5a"
            },
            "require": {
                "php": ">=5.2.0",
                "squizlabs/php_codesniffer": "2.0.*@dev"
            },
            "require-dev": {
                "phpunit/phpunit": "~3.7"
            },
            "type": "library",
            "notification-url": "https://packagist.org/downloads/",
            "license": [
                "GPL-2.0+"
            ],
            "description": "Coder is a library and a module to review Drupal code.",
            "homepage": "https://drupal.org/project/coder",
            "keywords": [
                "code review",
                "phpcs",
                "standards"
            ],
            "time": "2014-07-18 13:14:26"
        },
        {
            "name": "drush/drush",
            "version": "dev-master",
            "source": {
                "type": "git",
                "url": "https://github.com/drush-ops/drush.git",
                "reference": "c97300820194ea7898bee29a176e93d9542c9bac"
            },
            "dist": {
                "type": "zip",
                "url": "https://api.github.com/repos/drush-ops/drush/zipball/c97300820194ea7898bee29a176e93d9542c9bac",
                "reference": "c97300820194ea7898bee29a176e93d9542c9bac",
                "shasum": ""
            },
            "require": {
                "d11wtq/boris": "*",
                "pear/console_table": "1.1.5",
                "php": ">=5.3.0",
                "symfony/yaml": "2.2.1"
            },
            "require-dev": {
                "phpunit/phpunit": ">=3.5",
                "symfony/process": "2.4.5"
            },
            "bin": [
                "drush",
                "drush.php",
                "drush.bat",
                "drush.complete.sh"
            ],
            "type": "library",
            "autoload": {
                "psr-0": {
                    "Drush": "lib/"
                }
            },
            "notification-url": "https://packagist.org/downloads/",
            "license": [
                "GPL-2.0+"
            ],
            "authors": [
                {
                    "name": "Moshe Weitzman",
                    "email": "weitzman@tejasa.com"
                },
                {
                    "name": "Owen Barton",
                    "email": "drupal@owenbarton.com"
                },
                {
                    "name": "Mark Sonnabaum",
                    "email": "marksonnabaum@gmail.com"
                },
                {
                    "name": "Antoine Beaupré",
                    "email": "anarcat@koumbit.org"
                },
                {
                    "name": "Greg Anderson",
                    "email": "greg.1.anderson@greenknowe.org"
                },
                {
                    "name": "Jonathan Araña Cruz",
                    "email": "jonhattan@faita.net"
                },
                {
                    "name": "Jonathan Hedstrom",
                    "email": "jhedstrom@gmail.com"
                }
            ],
            "description": "Drush is a command line shell and scripting interface for Drupal, a veritable Swiss Army knife designed to make life easier for those of us who spend some of our working hours hacking away at the command prompt.",
            "homepage": "http://www.drush.org",
            "time": "2014-08-04 23:54:16"
        },
        {
            "name": "pear/console_table",
            "version": "1.1.5",
            "source": {
                "type": "git",
                "url": "https://github.com/RobLoach/Console_Table.git",
                "reference": "9f80c91a9fc01a3cce71ae80ea5bd473cb0eba4c"
            },
            "dist": {
                "type": "zip",
                "url": "https://api.github.com/repos/RobLoach/Console_Table/zipball/9f80c91a9fc01a3cce71ae80ea5bd473cb0eba4c",
                "reference": "9f80c91a9fc01a3cce71ae80ea5bd473cb0eba4c",
                "shasum": ""
            },
            "require": {
                "php": ">=4.0.0"
            },
            "suggest": {
                "pear/Console_Color": ">=0.0.4"
            },
            "type": "library",
            "autoload": {
                "classmap": [
                    "Table.php"
                ]
            },
            "notification-url": "https://packagist.org/downloads/",
            "license": [
                "BSD"
            ],
            "authors": [
                {
                    "name": "Jan Schneider",
                    "homepage": "http://pear.php.net/user/yunosh"
                },
                {
                    "name": "Tal Peer",
                    "homepage": "http://pear.php.net/user/tal"
                },
                {
                    "name": "Xavier Noguer",
                    "homepage": "http://pear.php.net/user/xnoguer"
                },
                {
                    "name": "Richard Heyes",
                    "homepage": "http://pear.php.net/user/richard"
                }
            ],
            "description": "Class that makes it easy to build console style tables.",
            "homepage": "https://github.com/pear/Console_Table",
            "keywords": [
                "console"
            ],
            "time": "2012-12-07 14:43:01"
        },
        {
            "name": "squizlabs/php_codesniffer",
            "version": "dev-phpcs-fixer",
            "source": {
                "type": "git",
                "url": "https://github.com/squizlabs/PHP_CodeSniffer.git",
                "reference": "f3fef2dd0052bf5028f10a7389ee5abbd26b3009"
            },
            "dist": {
                "type": "zip",
                "url": "https://api.github.com/repos/squizlabs/PHP_CodeSniffer/zipball/f3fef2dd0052bf5028f10a7389ee5abbd26b3009",
                "reference": "f3fef2dd0052bf5028f10a7389ee5abbd26b3009",
                "shasum": ""
            },
            "require": {
                "ext-tokenizer": "*",
                "php": ">=5.1.2"
            },
            "bin": [
                "scripts/phpcs",
                "scripts/phpcbf"
            ],
            "type": "library",
            "extra": {
                "branch-alias": {
                    "dev-phpcs-fixer": "2.0.x-dev"
                }
            },
            "autoload": {
                "classmap": [
                    "CodeSniffer.php",
                    "CodeSniffer/CLI.php",
                    "CodeSniffer/Exception.php",
                    "CodeSniffer/File.php",
                    "CodeSniffer/Fixer.php",
                    "CodeSniffer/Report.php",
                    "CodeSniffer/Reporting.php",
                    "CodeSniffer/Sniff.php",
                    "CodeSniffer/Tokens.php",
                    "CodeSniffer/Reports/",
                    "CodeSniffer/Tokenizers/",
                    "CodeSniffer/DocGenerators/",
                    "CodeSniffer/Standards/AbstractPatternSniff.php",
                    "CodeSniffer/Standards/AbstractScopeSniff.php",
                    "CodeSniffer/Standards/AbstractVariableSniff.php",
                    "CodeSniffer/Standards/IncorrectPatternException.php",
                    "CodeSniffer/Standards/Generic/Sniffs/",
                    "CodeSniffer/Standards/MySource/Sniffs/",
                    "CodeSniffer/Standards/PEAR/Sniffs/",
                    "CodeSniffer/Standards/PSR1/Sniffs/",
                    "CodeSniffer/Standards/PSR2/Sniffs/",
                    "CodeSniffer/Standards/Squiz/Sniffs/",
                    "CodeSniffer/Standards/Zend/Sniffs/"
                ]
            },
            "notification-url": "https://packagist.org/downloads/",
            "license": [
                "BSD-3-Clause"
            ],
            "authors": [
                {
                    "name": "Greg Sherwood",
                    "role": "lead"
                }
            ],
            "description": "PHP_CodeSniffer tokenises PHP, JavaScript and CSS files and detects violations of a defined set of coding standards.",
            "homepage": "http://www.squizlabs.com/php-codesniffer",
            "keywords": [
                "phpcs",
                "standards"
            ],
            "time": "2014-08-06 04:29:41"
        },
        {
            "name": "symfony/yaml",
            "version": "v2.2.1",
            "target-dir": "Symfony/Component/Yaml",
            "source": {
                "type": "git",
                "url": "https://github.com/symfony/Yaml.git",
                "reference": "3f6d4ab3fd8226ab4ba0be9fc8a238f4338b79ab"
            },
            "dist": {
                "type": "zip",
                "url": "https://api.github.com/repos/symfony/Yaml/zipball/3f6d4ab3fd8226ab4ba0be9fc8a238f4338b79ab",
                "reference": "3f6d4ab3fd8226ab4ba0be9fc8a238f4338b79ab",
                "shasum": ""
            },
            "require": {
                "php": ">=5.3.3"
            },
            "type": "library",
            "extra": {
                "branch-alias": {
                    "dev-master": "2.2-dev"
                }
            },
            "autoload": {
                "psr-0": {
                    "Symfony\\Component\\Yaml\\": ""
                }
            },
            "notification-url": "https://packagist.org/downloads/",
            "license": [
                "MIT"
            ],
            "authors": [
                {
                    "name": "Fabien Potencier",
                    "email": "fabien@symfony.com",
                    "homepage": "http://fabien.potencier.org",
                    "role": "Lead Developer"
                },
                {
                    "name": "Symfony Community",
                    "homepage": "http://symfony.com/contributors"
                }
            ],
            "description": "Symfony Yaml Component",
            "homepage": "http://symfony.com",
            "time": "2013-03-23 07:49:54"
        }
    ],
    "packages-dev": [

    ],
    "aliases": [

    ],
    "minimum-stability": "dev",
    "stability-flags": {
        "drush/drush": 20,
        "squizlabs/php_codesniffer": 20,
        "drupal/coder": 20
    },
    "platform": [

    ],
    "platform-dev": [

    ]
}
